
Microsoft Visual Studio Solution File, Format Version 12.00
# Visual Studio 2013
VisualStudioVersion = 12.0.21005.1
MinimumVisualStudioVersion = 10.0.40219.1
Project("{FAE04EC0-301F-11D3-BF4B-00C04F79EFBC}") = "MyMQ.App", "MyMQ.App\MyMQ.App.csproj", "{2F97979C-E7C1-4F80-AF37-C80B386381BD}"
EndProject
Project("{FAE04EC0-301F-11D3-BF4B-00C04F79EFBC}") = "MyMQ.Send", "MyMQ.Send\MyMQ.Send.csproj", "{44A84136-8E5D-4C4E-A8CB-D18F0E07D4A3}"
EndProject
Project("{FAE04EC0-301F-11D3-BF4B-00C04F79EFBC}") = "MyMQ.Receive", "MyMQ.Receive\MyMQ.Receive.csproj", "{E40FFBC9-C8FE-4F64-87EA-E5B415EC64B7}"
EndProject
Project("{FAE04EC0-301F-11D3-BF4B-00C04F79EFBC}") = "MyMQ.Util", "MyMQ.Util\MyMQ.Util.csproj", "{475B3788-DCBE-438E-9533-2E8617B49ED9}"
EndProject
Global
	GlobalSection(SolutionConfigurationPlatforms) = preSolution
		Debug|Any CPU = Debug|Any CPU
		Release|Any CPU = Release|Any CPU
	EndGlobalSection
	GlobalSection(ProjectConfigurationPlatforms) = postSolution
		{2F97979C-E7C1-4F80-AF37-C80B386381BD}.Debug|Any CPU.ActiveCfg = Debug|Any CPU
		{2F97979C-E7C1-4F80-AF37-C80B386381BD}.Debug|Any CPU.Build.0 = Debug|Any CPU
		{2F97979C-E7C1-4F80-AF37-C80B386381BD}.Release|Any CPU.ActiveCfg = Release|Any CPU
		{2F97979C-E7C1-4F80-AF37-C80B386381BD}.Release|Any CPU.Build.0 = Release|Any CPU
		{44A84136-8E5D-4C4E-A8CB-D18F0E07D4A3}.Debug|Any CPU.ActiveCfg = Debug|Any CPU
		{44A84136-8E5D-4C4E-A8CB-D18F0E07D4A3}.Debug|Any CPU.Build.0 = Debug|Any CPU
		{44A84136-8E5D-4C4E-A8CB-D18F0E07D4A3}.Release|Any CPU.ActiveCfg = Release|Any CPU
		{44A84136-8E5D-4C4E-A8CB-D18F0E07D4A3}.Release|Any CPU.Build.0 = Release|Any CPU
		{E40FFBC9-C8FE-4F64-87EA-E5B415EC64B7}.Debug|Any CPU.ActiveCfg = Debug|Any CPU
		{E40FFBC9-C8FE-4F64-87EA-E5B415EC64B7}.Debug|Any CPU.Build.0 = Debug|Any CPU
		{E40FFBC9-C8FE-4F64-87EA-E5B415EC64B7}.Release|Any CPU.ActiveCfg = Release|Any CPU
		{E40FFBC9-C8FE-4F64-87EA-E5B415EC64B7}.Release|Any CPU.Build.0 = Release|Any CPU
		{475B3788-DCBE-438E-9533-2E8617B49ED9}.Debug|Any CPU.ActiveCfg = Debug|Any CPU
		{475B3788-DCBE-438E-9533-2E8617B49ED9}.Debug|Any CPU.Build.0 = Debug|Any CPU
		{475B3788-DCBE-438E-9533-2E8617B49ED9}.Release|Any CPU.ActiveCfg = Release|Any CPU
		{475B3788-DCBE-438E-9533-2E8617B49ED9}.Release|Any CPU.Build.0 = Release|Any CPU
	EndGlobalSection
	GlobalSection(SolutionProperties) = preSolution
		HideSolutionNode = FALSE
	EndGlobalSection
EndGlobal
